# This file is autogenerated, do not edit; changes may be undone by the next 'dep ensure'.


[[projects]]
  branch = "master"
  digest = "1:b727c0f88e66a83ef07c66c0c069eccbd90022593e53348df1cd5355346c74c5"
  name = "github.com/d2r2/go-bsbmp"
  packages = ["."]
  pruneopts = "UT"
  revision = "3b4b3aea837551362af64067fd1bea7beed4a26d"

[[projects]]
  branch = "master"
  digest = "1:7161598c406f98a315a3606acf83a40283f547056e515eb813c2ee5980ef9dcb"
  name = "github.com/d2r2/go-i2c"
  packages = ["."]
  pruneopts = "UT"
  revision = "73a8a799d6bcdcb945bf5494585aff8dc44b9636"

[[projects]]
  branch = "master"
  digest = "1:25157f23d71aa81cc8760fb97054a893c4014e1a1d234167b257d184191dc406"
  name = "github.com/d2r2/go-logger"
  packages = ["."]
  pruneopts = "UT"
  revision = "9998a510495ea259b42200a610975913e4d1cacd"

[[projects]]
  digest = "1:ffe9824d294da03b391f44e1ae8281281b4afc1bdaa9588c9097785e3af10cec"
  name = "github.com/davecgh/go-spew"
  packages = ["spew"]
  pruneopts = "UT"
  revision = "8991bc29aa16c548c550c7ff78260e27b9ab7c73"
  version = "v1.1.1"

[[projects]]
  branch = "master"
  digest = "1:00e5ad58045d6d2a6c9e65d1809ff2594bc396e911712ae892a93976fdece115"
  name = "github.com/influxdata/influxdb1-client"
  packages = [
    "models",
    "pkg/escape",
    "v2",
  ]
  pruneopts = "UT"
  revision = "8bf82d3c094dc06be9da8e5bf9d3589b6ea032ae"

[solve-meta]
  analyzer-name = "dep"
  analyzer-version = 1
  input-imports = [
    "github.com/d2r2/go-bsbmp",
    "github.com/d2r2/go-i2c",
    "github.com/d2r2/go-logger",
    "github.com/influxdata/influxdb1-client/v2",
  ]
  solver-name = "gps-cdcl"
  solver-version = 1
